// !$*UTF8*$!
{
	archiveVersion = 1;
	classes = {
	};
	objectVersion = 50;
	objects = {

/* Begin PBXBuildFile section */
		DB28589825F8BD21004F0AFC /* AppDelegate.swift in Sources */ = {isa = PBXBuildFile; fileRef = DB28589725F8BD21004F0AFC /* AppDelegate.swift */; };
		DB28589A25F8BD21004F0AFC /* SceneDelegate.swift in Sources */ = {isa = PBXBuildFile; fileRef = DB28589925F8BD21004F0AFC /* SceneDelegate.swift */; };
		DB28589C25F8BD21004F0AFC /* CameraVC.swift in Sources */ = {isa = PBXBuildFile; fileRef = DB28589B25F8BD21004F0AFC /* CameraVC.swift */; };
		DB28589F25F8BD21004F0AFC /* Main.storyboard in Resources */ = {isa = PBXBuildFile; fileRef = DB28589D25F8BD21004F0AFC /* Main.storyboard */; };
		DB2858A125F8BD21004F0AFC /* Assets.xcassets in Resources */ = {isa = PBXBuildFile; fileRef = DB2858A025F8BD21004F0AFC /* Assets.xcassets */; };
		DB2858A425F8BD21004F0AFC /* LaunchScreen.storyboard in Resources */ = {isa = PBXBuildFile; fileRef = DB2858A225F8BD21004F0AFC /* LaunchScreen.storyboard */; };
		DB2858B325F8C8DE004F0AFC /* RoundedShadowView.swift in Sources */ = {isa = PBXBuildFile; fileRef = DB2858B225F8C8DE004F0AFC /* RoundedShadowView.swift */; };
		DB2858B625F8CA06004F0AFC /* RoundedShadowButton.swift in Sources */ = {isa = PBXBuildFile; fileRef = DB2858B525F8CA06004F0AFC /* RoundedShadowButton.swift */; };
		DB2858B925F8CA42004F0AFC /* RoundedShadowImageView.swift in Sources */ = {isa = PBXBuildFile; fileRef = DB2858B825F8CA42004F0AFC /* RoundedShadowImageView.swift */; };
		DBF7832A25F8FECD00953E0A /* SqueezeNet.mlmodel in Sources */ = {isa = PBXBuildFile; fileRef = DBF7832925F8FECD00953E0A /* SqueezeNet.mlmodel */; };
/* End PBXBuildFile section */

/* Begin PBXFileReference section */
		DB28589425F8BD21004F0AFC /* vision-app-dev.app */ = {isa = PBXFileReference; explicitFileType = wrapper.application; includeInIndex = 0; path = "vision-app-dev.app"; sourceTree = BUILT_PRODUCTS_DIR; };
		DB28589725F8BD21004F0AFC /* AppDelegate.swift */ = {isa = PBXFileReference; lastKnownFileType = sourcecode.swift; path = AppDelegate.swift; sourceTree = "<group>"; };
		DB28589925F8BD21004F0AFC /* SceneDelegate.swift */ = {isa = PBXFileReference; lastKnownFileType = sourcecode.swift; path = SceneDelegate.swift; sourceTree = "<group>"; };
		DB28589B25F8BD21004F0AFC /* CameraVC.swift */ = {isa = PBXFileReference; lastKnownFileType = sourcecode.swift; path = CameraVC.swift; sourceTree = "<group>"; };
		DB28589E25F8BD21004F0AFC /* Base */ = {isa = PBXFileReference; lastKnownFileType = file.storyboard; name = Base; path = Base.lproj/Main.storyboard; sourceTree = "<group>"; };
		DB2858A025F8BD21004F0AFC /* Assets.xcassets */ = {isa = PBXFileReference; lastKnownFileType = folder.assetcatalog; path = Assets.xcassets; sourceTree = "<group>"; };
		DB2858A325F8BD21004F0AFC /* Base */ = {isa = PBXFileReference; lastKnownFileType = file.storyboard; name = Base; path = Base.lproj/LaunchScreen.storyboard; sourceTree = "<group>"; };
		DB2858A525F8BD21004F0AFC /* Info.plist */ = {isa = PBXFileReference; lastKnownFileType = text.plist.xml; path = Info.plist; sourceTree = "<group>"; };
		DB2858B225F8C8DE004F0AFC /* RoundedShadowView.swift */ = {isa = PBXFileReference; lastKnownFileType = sourcecode.swift; path = RoundedShadowView.swift; sourceTree = "<group>"; };
		DB2858B525F8CA06004F0AFC /* RoundedShadowButton.swift */ = {isa = PBXFileReference; lastKnownFileType = sourcecode.swift; path = RoundedShadowButton.swift; sourceTree = "<group>"; };
		DB2858B825F8CA42004F0AFC /* RoundedShadowImageView.swift */ = {isa = PBXFileReference; lastKnownFileType = sourcecode.swift; path = RoundedShadowImageView.swift; sourceTree = "<group>"; };
		DB2858BE25F8D354004F0AFC /* AVFoundation.framework */ = {isa = PBXFileReference; lastKnownFileType = wrapper.framework; name = AVFoundation.framework; path = System/Library/Frameworks/AVFoundation.framework; sourceTree = SDKROOT; };
		DB2858C525F8D39E004F0AFC /* UIKit.framework */ = {isa = PBXFileReference; lastKnownFileType = wrapper.framework; name = UIKit.framework; path = System/Library/Frameworks/UIKit.framework; sourceTree = SDKROOT; };
		DBF7832925F8FECD00953E0A /* SqueezeNet.mlmodel */ = {isa = PBXFileReference; lastKnownFileType = file.mlmodel; path = SqueezeNet.mlmodel; sourceTree = "<group>"; };
/* End PBXFileReference section */

/* Begin PBXFrameworksBuildPhase section */
		DB28589125F8BD21004F0AFC /* Frameworks */ = {
			isa = PBXFrameworksBuildPhase;
			buildActionMask = 2147483647;
			files = (
			);
			runOnlyForDeploymentPostprocessing = 0;
		};
/* End PBXFrameworksBuildPhase section */

/* Begin PBXGroup section */
		DB28588B25F8BD21004F0AFC = {
			isa = PBXGroup;
			children = (
				DB28589625F8BD21004F0AFC /* vision-app-dev */,
				DB28589525F8BD21004F0AFC /* Products */,
				DB2858BD25F8D354004F0AFC /* Frameworks */,
			);
			sourceTree = "<group>";
		};
		DB28589525F8BD21004F0AFC /* Products */ = {
			isa = PBXGroup;
			children = (
				DB28589425F8BD21004F0AFC /* vision-app-dev.app */,
			);
			name = Products;
			sourceTree = "<group>";
		};
		DB28589625F8BD21004F0AFC /* vision-app-dev */ = {
			isa = PBXGroup;
			children = (
				DB2858AF25F8BD65004F0AFC /* Resources */,
				DB2858AE25F8BD59004F0AFC /* View */,
				DB2858AD25F8BD4E004F0AFC /* Controller */,
				DB28589725F8BD21004F0AFC /* AppDelegate.swift */,
				DB28589925F8BD21004F0AFC /* SceneDelegate.swift */,
				DB28589D25F8BD21004F0AFC /* Main.storyboard */,
				DB2858A025F8BD21004F0AFC /* Assets.xcassets */,
				DB2858A225F8BD21004F0AFC /* LaunchScreen.storyboard */,
				DB2858A525F8BD21004F0AFC /* Info.plist */,
			);
			path = "vision-app-dev";
			sourceTree = "<group>";
		};
		DB2858AD25F8BD4E004F0AFC /* Controller */ = {
			isa = PBXGroup;
			children = (
				DB28589B25F8BD21004F0AFC /* CameraVC.swift */,
			);
			path = Controller;
			sourceTree = "<group>";
		};
		DB2858AE25F8BD59004F0AFC /* View */ = {
			isa = PBXGroup;
			children = (
				DB2858B225F8C8DE004F0AFC /* RoundedShadowView.swift */,
				DB2858B525F8CA06004F0AFC /* RoundedShadowButton.swift */,
				DB2858B825F8CA42004F0AFC /* RoundedShadowImageView.swift */,
			);
			path = View;
			sourceTree = "<group>";
		};
		DB2858AF25F8BD65004F0AFC /* Resources */ = {
			isa = PBXGroup;
			children = (
				DBF7832925F8FECD00953E0A /* SqueezeNet.mlmodel */,
			);
			path = Resources;
			sourceTree = "<group>";
		};
		DB2858BD25F8D354004F0AFC /* Frameworks */ = {
			isa = PBXGroup;
			children = (
				DB2858C525F8D39E004F0AFC /* UIKit.framework */,
				DB2858BE25F8D354004F0AFC /* AVFoundation.framework */,
			);
			name = Frameworks;
			sourceTree = "<group>";
		};
/* End PBXGroup section */

/* Begin PBXNativeTarget section */
		DB28589325F8BD21004F0AFC /* vision-app-dev */ = {
			isa = PBXNativeTarget;
			buildConfigurationList = DB2858A825F8BD21004F0AFC /* Build configuration list for PBXNativeTarget "vision-app-dev" */;
			buildPhases = (
				DB28589025F8BD21004F0AFC /* Sources */,
				DB28589125F8BD21004F0AFC /* Frameworks */,
				DB28589225F8BD21004F0AFC /* Resources */,
			);
			buildRules = (
			);
			dependencies = (
			);
			name = "vision-app-dev";
			productName = "vision-app-dev";
			productReference = DB28589425F8BD21004F0AFC /* vision-app-dev.app */;
			productType = "com.apple.product-type.application";
		};
/* End PBXNativeTarget section */

/* Begin PBXProject section */
		DB28588C25F8BD21004F0AFC /* Project object */ = {
			isa = PBXProject;
			attributes = {
				LastSwiftUpdateCheck = 1240;
				LastUpgradeCheck = 1240;
				TargetAttributes = {
					DB28589325F8BD21004F0AFC = {
						CreatedOnToolsVersion = 12.4;
					};
				};
			};
			buildConfigurationList = DB28588F25F8BD21004F0AFC /* Build configuration list for PBXProject "vision-app-dev" */;
			compatibilityVersion = "Xcode 9.3";
			developmentRegion = en;
			hasScannedForEncodings = 0;
			knownRegions = (
				en,
				Base,
			);
			mainGroup = DB28588B25F8BD21004F0AFC;
			productRefGroup = DB28589525F8BD21004F0AFC /* Products */;
			projectDirPath = "";
			projectRoot = "";
			targets = (
				DB28589325F8BD21004F0AFC /* vision-app-dev */,
			);
		};
/* End PBXProject section */

/* Begin PBXResourcesBuildPhase section */
		DB28589225F8BD21004F0AFC /* Resources */ = {
			isa = PBXResourcesBuildPhase;
			buildActionMask = 2147483647;
			files = (
				DB2858A425F8BD21004F0AFC /* LaunchScreen.storyboard in Resources */,
				DB2858A125F8BD21004F0AFC /* Assets.xcassets in Resources */,
				DB28589F25F8BD21004F0AFC /* Main.storyboard in Resources */,
			);
			runOnlyForDeploymentPostprocessing = 0;
		};
/* End PBXResourcesBuildPhase section */

/* Begin PBXSourcesBuildPhase section */
		DB28589025F8BD21004F0AFC /* Sources */ = {
			isa = PBXSourcesBuildPhase;
			buildActionMask = 2147483647;
			files = (
				DB2858B325F8C8DE004F0AFC /* RoundedShadowView.swift in Sources */,
				DB2858B625F8CA06004F0AFC /* RoundedShadowButton.swift in Sources */,
				DB28589C25F8BD21004F0AFC /* CameraVC.swift in Sources */,
				DBF7832A25F8FECD00953E0A /* SqueezeNet.mlmodel in Sources */,
				DB28589825F8BD21004F0AFC /* AppDelegate.swift in Sources */,
				DB2858B925F8CA42004F0AFC /* RoundedShadowImageView.swift in Sources */,
				DB28589A25F8BD21004F0AFC /* SceneDelegate.swift in Sources */,
			);
			runOnlyForDeploymentPostprocessing = 0;
		};
/* End PBXSourcesBuildPhase section */

/* Begin PBXVariantGroup section */
		DB28589D25F8BD21004F0AFC /* Main.storyboard */ = {
			isa = PBXVariantGroup;
			children = (
				DB28589E25F8BD21004F0AFC /* Base */,
			);
			name = Main.storyboard;
			sourceTree = "<group>";
		};
		DB2858A225F8BD21004F0AFC /* LaunchScreen.storyboard */ = {
			isa = PBXVariantGroup;
			children = (
				DB2858A325F8BD21004F0AFC /* Base */,
			);
			name = LaunchScreen.storyboard;
			sourceTree = "<group>";
		};
/* End PBXVariantGroup section */

/* Begin XCBuildConfiguration section */
		DB2858A625F8BD21004F0AFC /* Debug */ = {
			isa = XCBuildConfiguration;
			buildSettings = {
				ALWAYS_SEARCH_USER_PATHS = NO;
				CLANG_ANALYZER_NONNULL = YES;
				CLANG_ANALYZER_NUMBER_OBJECT_CONVERSION = YES_AGGRESSIVE;
				CLANG_CXX_LANGUAGE_STANDARD = "gnu++14";
				CLANG_CXX_LIBRARY = "libc++";
				CLANG_ENABLE_MODULES = YES;
				CLANG_ENABLE_OBJC_ARC = YES;
				CLANG_ENABLE_OBJC_WEAK = YES;
				CLANG_WARN_BLOCK_CAPTURE_AUTORELEASING = YES;
				CLANG_WARN_BOOL_CONVERSION = YES;
				CLANG_WARN_COMMA = YES;
				CLANG_WARN_CONSTANT_CONVERSION = YES;
				CLANG_WARN_DEPRECATED_OBJC_IMPLEMENTATIONS = YES;
				CLANG_WARN_DIRECT_OBJC_ISA_USAGE = YES_ERROR;
				CLANG_WARN_DOCUMENTATION_COMMENTS = YES;
				CLANG_WARN_EMPTY_BODY = YES;
				CLANG_WARN_ENUM_CONVERSION = YES;
				CLANG_WARN_INFINITE_RECURSION = YES;
				CLANG_WARN_INT_CONVERSION = YES;
				CLANG_WARN_NON_LITERAL_NULL_CONVERSION = YES;
				CLANG_WARN_OBJC_IMPLICIT_RETAIN_SELF = YES;
				CLANG_WARN_OBJC_LITERAL_CONVERSION = YES;
				CLANG_WARN_OBJC_ROOT_CLASS = YES_ERROR;
				CLANG_WARN_QUOTED_INCLUDE_IN_FRAMEWORK_HEADER = YES;
				CLANG_WARN_RANGE_LOOP_ANALYSIS = YES;
				CLANG_WARN_STRICT_PROTOTYPES = YES;
				CLANG_WARN_SUSPICIOUS_MOVE = YES;
				CLANG_WARN_UNGUARDED_AVAILABILITY = YES_AGGRESSIVE;
				CLANG_WARN_UNREACHABLE_CODE = YES;
				CLANG_WARN__DUPLICATE_METHOD_MATCH = YES;
				COPY_PHASE_STRIP = NO;
				DEBUG_INFORMATION_FORMAT = dwarf;
				ENABLE_STRICT_OBJC_MSGSEND = YES;
				ENABLE_TESTABILITY = YES;
				GCC_C_LANGUAGE_STANDARD = gnu11;
				GCC_DYNAMIC_NO_PIC = NO;
				GCC_NO_COMMON_BLOCKS = YES;
				GCC_OPTIMIZATION_LEVEL = 0;
				GCC_PREPROCESSOR_DEFINITIONS = (
					"DEBUG=1",
					"$(inherited)",
				);
				GCC_WARN_64_TO_32_BIT_CONVERSION = YES;
				GCC_WARN_ABOUT_RETURN_TYPE = YES_ERROR;
				GCC_WARN_UNDECLARED_SELECTOR = YES;
				GCC_WARN_UNINITIALIZED_AUTOS = YES_AGGRESSIVE;
				GCC_WARN_UNUSED_FUNCTION = YES;
				GCC_WARN_UNUSED_VARIABLE = YES;
				IPHONEOS_DEPLOYMENT_TARGET = 14.4;
				MTL_ENABLE_DEBUG_INFO = INCLUDE_SOURCE;
				MTL_FAST_MATH = YES;
				ONLY_ACTIVE_ARCH = YES;
				SDKROOT = iphoneos;
				SWIFT_ACTIVE_COMPILATION_CONDITIONS = DEBUG;
				SWIFT_OPTIMIZATION_LEVEL = "-Onone";
			};
			name = Debug;
		};
		DB2858A725F8BD21004F0AFC /* Release */ = {
			isa = XCBuildConfiguration;
			buildSettings = {
				ALWAYS_SEARCH_USER_PATHS = NO;
				CLANG_ANALYZER_NONNULL = YES;
				CLANG_ANALYZER_NUMBER_OBJECT_CONVERSION = YES_AGGRESSIVE;
				CLANG_CXX_LANGUAGE_STANDARD = "gnu++14";
				CLANG_CXX_LIBRARY = "libc++";
				CLANG_ENABLE_MODULES = YES;
				CLANG_ENABLE_OBJC_ARC = YES;
				CLANG_ENABLE_OBJC_WEAK = YES;
				CLANG_WARN_BLOCK_CAPTURE_AUTORELEASING = YES;
				CLANG_WARN_BOOL_CONVERSION = YES;
				CLANG_WARN_COMMA = YES;
				CLANG_WARN_CONSTANT_CONVERSION = YES;
				CLANG_WARN_DEPRECATED_OBJC_IMPLEMENTATIONS = YES;
				CLANG_WARN_DIRECT_OBJC_ISA_USAGE = YES_ERROR;
				CLANG_WARN_DOCUMENTATION_COMMENTS = YES;
				CLANG_WARN_EMPTY_BODY = YES;
				CLANG_WARN_ENUM_CONVERSION = YES;
				CLANG_WARN_INFINITE_RECURSION = YES;
				CLANG_WARN_INT_CONVERSION = YES;
				CLANG_WARN_NON_LITERAL_NULL_CONVERSION = YES;
				CLANG_WARN_OBJC_IMPLICIT_RETAIN_SELF = YES;
				CLANG_WARN_OBJC_LITERAL_CONVERSION = YES;
				CLANG_WARN_OBJC_ROOT_CLASS = YES_ERROR;
				CLANG_WARN_QUOTED_INCLUDE_IN_FRAMEWORK_HEADER = YES;
				CLANG_WARN_RANGE_LOOP_ANALYSIS = YES;
				CLANG_WARN_STRICT_PROTOTYPES = YES;
				CLANG_WARN_SUSPICIOUS_MOVE = YES;
				CLANG_WARN_UNGUARDED_AVAILABILITY = YES_AGGRESSIVE;
				CLANG_WARN_UNREACHABLE_CODE = YES;
				CLANG_WARN__DUPLICATE_METHOD_MATCH = YES;
				COPY_PHASE_STRIP = NO;
				DEBUG_INFORMATION_FORMAT = "dwarf-with-dsym";
				ENABLE_NS_ASSERTIONS = NO;
				ENABLE_STRICT_OBJC_MSGSEND = YES;
				GCC_C_LANGUAGE_STANDARD = gnu11;
				GCC_NO_COMMON_BLOCKS = YES;
				GCC_WARN_64_TO_32_BIT_CONVERSION = YES;
				GCC_WARN_ABOUT_RETURN_TYPE = YES_ERROR;
				GCC_WARN_UNDECLARED_SELECTOR = YES;
				GCC_WARN_UNINITIALIZED_AUTOS = YES_AGGRESSIVE;
				GCC_WARN_UNUSED_FUNCTION = YES;
				GCC_WARN_UNUSED_VARIABLE = YES;
				IPHONEOS_DEPLOYMENT_TARGET = 14.4;
				MTL_ENABLE_DEBUG_INFO = NO;
				MTL_FAST_MATH = YES;
				SDKROOT = iphoneos;
				SWIFT_COMPILATION_MODE = wholemodule;
				SWIFT_OPTIMIZATION_LEVEL = "-O";
				VALIDATE_PRODUCT = YES;
			};
			name = Release;
		};
		DB2858A925F8BD21004F0AFC /* Debug */ = {
			isa = XCBuildConfiguration;
			buildSettings = {
				ASSETCATALOG_COMPILER_APPICON_NAME = AppIcon;
				ASSETCATALOG_COMPILER_GLOBAL_ACCENT_COLOR_NAME = AccentColor;
				CODE_SIGN_STYLE = Automatic;
				DEVELOPMENT_TEAM = ENYNN9L389;
				INFOPLIST_FILE = "vision-app-dev/Info.plist";
				LD_RUNPATH_SEARCH_PATHS = (
					"$(inherited)",
					"@executable_path/Frameworks",
				);
				PRODUCT_BUNDLE_IDENTIFIER = "com.arturz.vision-app-dev";
				PRODUCT_NAME = "$(TARGET_NAME)";
				SWIFT_VERSION = 5.0;
				TARGETED_DEVICE_FAMILY = "1,2";
			};
			name = Debug;
		};
		DB2858AA25F8BD21004F0AFC /* Release */ = {
			isa = XCBuildConfiguration;
			buildSettings = {
				ASSETCATALOG_COMPILER_APPICON_NAME = AppIcon;
				ASSETCATALOG_COMPILER_GLOBAL_ACCENT_COLOR_NAME = AccentColor;
				CODE_SIGN_STYLE = Automatic;
				DEVELOPMENT_TEAM = ENYNN9L389;
				INFOPLIST_FILE = "vision-app-dev/Info.plist";
				LD_RUNPATH_SEARCH_PATHS = (
					"$(inherited)",
					"@executable_path/Frameworks",
				);
				PRODUCT_BUNDLE_IDENTIFIER = "com.arturz.vision-app-dev";
				PRODUCT_NAME = "$(TARGET_NAME)";
				SWIFT_VERSION = 5.0;
				TARGETED_DEVICE_FAMILY = "1,2";
			};
			name = Release;
		};
/* End XCBuildConfiguration section */

/* Begin XCConfigurationList section */
		DB28588F25F8BD21004F0AFC /* Build configuration list for PBXProject "vision-app-dev" */ = {
			isa = XCConfigurationList;
			buildConfigurations = (
				DB2858A625F8BD21004F0AFC /* Debug */,
				DB2858A725F8BD21004F0AFC /* Release */,
			);
			defaultConfigurationIsVisible = 0;
			defaultConfigurationName = Release;
		};
		DB2858A825F8BD21004F0AFC /* Build configuration list for PBXNativeTarget "vision-app-dev" */ = {
			isa = XCConfigurationList;
			buildConfigurations = (
				DB2858A925F8BD21004F0AFC /* Debug */,
				DB2858AA25F8BD21004F0AFC /* Release */,
			);
			defaultConfigurationIsVisible = 0;
			defaultConfigurationName = Release;
		};
/* End XCConfigurationList section */
	};
	rootObject = DB28588C25F8BD21004F0AFC /* Project object */;
}
